
Microsoft Visual Studio Solution File, Format Version 12.00
# Visual Studio Version 16
VisualStudioVersion = 16.0.31624.102
MinimumVisualStudioVersion = 10.0.40219.1
Project("{FAE04EC0-301F-11D3-BF4B-00C04F79EFBC}") = "cdev_mod4", "cdev_mod4\cdev_mod4.csproj", "{4635C782-C549-4097-B66A-F7F4B6B918EE}"
EndProject
Global
	GlobalSection(SolutionConfigurationPlatforms) = preSolution
		Debug|Any CPU = Debug|Any CPU
		Release|Any CPU = Release|Any CPU
	EndGlobalSection
	GlobalSection(ProjectConfigurationPlatforms) = postSolution
		{4635C782-C549-4097-B66A-F7F4B6B918EE}.Debug|Any CPU.ActiveCfg = Debug|Any CPU
		{4635C782-C549-4097-B66A-F7F4B6B918EE}.Debug|Any CPU.Build.0 = Debug|Any CPU
		{4635C782-C549-4097-B66A-F7F4B6B918EE}.Release|Any CPU.ActiveCfg = Release|Any CPU
		{4635C782-C549-4097-B66A-F7F4B6B918EE}.Release|Any CPU.Build.0 = Release|Any CPU
	EndGlobalSection
	GlobalSection(SolutionProperties) = preSolution
		HideSolutionNode = FALSE
	EndGlobalSection
	GlobalSection(ExtensibilityGlobals) = postSolution
		SolutionGuid = {EB62FB72-13C5-4F9B-B25C-68863CF20B7B}
	EndGlobalSection
EndGlobal
